// !$*UTF8*$!
{
	archiveVersion = 1;
	classes = {
	};
	objectVersion = 55;
	objects = {

/* Begin PBXBuildFile section */
		CCBBFB1128182BD300DBA0EC /* AppDelegate.swift in Sources */ = {isa = PBXBuildFile; fileRef = CCBBFB1028182BD300DBA0EC /* AppDelegate.swift */; };
		CCBBFB1A28182BD400DBA0EC /* Assets.xcassets in Resources */ = {isa = PBXBuildFile; fileRef = CCBBFB1928182BD400DBA0EC /* Assets.xcassets */; };
		CCBBFB1D28182BD400DBA0EC /* LaunchScreen.storyboard in Resources */ = {isa = PBXBuildFile; fileRef = CCBBFB1B28182BD400DBA0EC /* LaunchScreen.storyboard */; };
		CCBBFB2828182BD400DBA0EC /* FibonacciTests.swift in Sources */ = {isa = PBXBuildFile; fileRef = CCBBFB2728182BD400DBA0EC /* FibonacciTests.swift */; };
		CCBBFB3228182BD400DBA0EC /* FibonacciUITests.swift in Sources */ = {isa = PBXBuildFile; fileRef = CCBBFB3128182BD400DBA0EC /* FibonacciUITests.swift */; };
		CCBBFB3428182BD400DBA0EC /* FibonacciUITestsLaunchTests.swift in Sources */ = {isa = PBXBuildFile; fileRef = CCBBFB3328182BD400DBA0EC /* FibonacciUITestsLaunchTests.swift */; };
		CCBBFB4128182C5400DBA0EC /* SwiftUIViewController.swift in Sources */ = {isa = PBXBuildFile; fileRef = CCBBFB4028182C5400DBA0EC /* SwiftUIViewController.swift */; };
		CCBBFB4328182ED900DBA0EC /* FibonacciView.swift in Sources */ = {isa = PBXBuildFile; fileRef = CCBBFB4228182ED900DBA0EC /* FibonacciView.swift */; };
		CCBBFB4528182F6B00DBA0EC /* FibonacciViewController.swift in Sources */ = {isa = PBXBuildFile; fileRef = CCBBFB4428182F6B00DBA0EC /* FibonacciViewController.swift */; };
		CCBBFB4728182FB800DBA0EC /* ViewModel.swift in Sources */ = {isa = PBXBuildFile; fileRef = CCBBFB4628182FB800DBA0EC /* ViewModel.swift */; };
/* End PBXBuildFile section */

/* Begin PBXContainerItemProxy section */
		CCBBFB2428182BD400DBA0EC /* PBXContainerItemProxy */ = {
			isa = PBXContainerItemProxy;
			containerPortal = CCBBFB0528182BD300DBA0EC /* Project object */;
			proxyType = 1;
			remoteGlobalIDString = CCBBFB0C28182BD300DBA0EC;
			remoteInfo = Fibonacci;
		};
		CCBBFB2E28182BD400DBA0EC /* PBXContainerItemProxy */ = {
			isa = PBXContainerItemProxy;
			containerPortal = CCBBFB0528182BD300DBA0EC /* Project object */;
			proxyType = 1;
			remoteGlobalIDString = CCBBFB0C28182BD300DBA0EC;
			remoteInfo = Fibonacci;
		};
/* End PBXContainerItemProxy section */

/* Begin PBXFileReference section */
		CCBBFB0D28182BD300DBA0EC /* Fibonacci.app */ = {isa = PBXFileReference; explicitFileType = wrapper.application; includeInIndex = 0; path = Fibonacci.app; sourceTree = BUILT_PRODUCTS_DIR; };
		CCBBFB1028182BD300DBA0EC /* AppDelegate.swift */ = {isa = PBXFileReference; lastKnownFileType = sourcecode.swift; path = AppDelegate.swift; sourceTree = "<group>"; };
		CCBBFB1928182BD400DBA0EC /* Assets.xcassets */ = {isa = PBXFileReference; lastKnownFileType = folder.assetcatalog; path = Assets.xcassets; sourceTree = "<group>"; };
		CCBBFB1C28182BD400DBA0EC /* Base */ = {isa = PBXFileReference; lastKnownFileType = file.storyboard; name = Base; path = Base.lproj/LaunchScreen.storyboard; sourceTree = "<group>"; };
		CCBBFB1E28182BD400DBA0EC /* Info.plist */ = {isa = PBXFileReference; lastKnownFileType = text.plist.xml; path = Info.plist; sourceTree = "<group>"; };
		CCBBFB2328182BD400DBA0EC /* FibonacciTests.xctest */ = {isa = PBXFileReference; explicitFileType = wrapper.cfbundle; includeInIndex = 0; path = FibonacciTests.xctest; sourceTree = BUILT_PRODUCTS_DIR; };
		CCBBFB2728182BD400DBA0EC /* FibonacciTests.swift */ = {isa = PBXFileReference; lastKnownFileType = sourcecode.swift; path = FibonacciTests.swift; sourceTree = "<group>"; };
		CCBBFB2D28182BD400DBA0EC /* FibonacciUITests.xctest */ = {isa = PBXFileReference; explicitFileType = wrapper.cfbundle; includeInIndex = 0; path = FibonacciUITests.xctest; sourceTree = BUILT_PRODUCTS_DIR; };
		CCBBFB3128182BD400DBA0EC /* FibonacciUITests.swift */ = {isa = PBXFileReference; lastKnownFileType = sourcecode.swift; path = FibonacciUITests.swift; sourceTree = "<group>"; };
		CCBBFB3328182BD400DBA0EC /* FibonacciUITestsLaunchTests.swift */ = {isa = PBXFileReference; lastKnownFileType = sourcecode.swift; path = FibonacciUITestsLaunchTests.swift; sourceTree = "<group>"; };
		CCBBFB4028182C5400DBA0EC /* SwiftUIViewController.swift */ = {isa = PBXFileReference; lastKnownFileType = sourcecode.swift; path = SwiftUIViewController.swift; sourceTree = "<group>"; };
		CCBBFB4228182ED900DBA0EC /* FibonacciView.swift */ = {isa = PBXFileReference; lastKnownFileType = sourcecode.swift; path = FibonacciView.swift; sourceTree = "<group>"; };
		CCBBFB4428182F6B00DBA0EC /* FibonacciViewController.swift */ = {isa = PBXFileReference; lastKnownFileType = sourcecode.swift; path = FibonacciViewController.swift; sourceTree = "<group>"; };
		CCBBFB4628182FB800DBA0EC /* ViewModel.swift */ = {isa = PBXFileReference; lastKnownFileType = sourcecode.swift; path = ViewModel.swift; sourceTree = "<group>"; };
/* End PBXFileReference section */

/* Begin PBXFrameworksBuildPhase section */
		CCBBFB0A28182BD300DBA0EC /* Frameworks */ = {
			isa = PBXFrameworksBuildPhase;
			buildActionMask = 2147483647;
			files = (
			);
			runOnlyForDeploymentPostprocessing = 0;
		};
		CCBBFB2028182BD400DBA0EC /* Frameworks */ = {
			isa = PBXFrameworksBuildPhase;
			buildActionMask = 2147483647;
			files = (
			);
			runOnlyForDeploymentPostprocessing = 0;
		};
		CCBBFB2A28182BD400DBA0EC /* Frameworks */ = {
			isa = PBXFrameworksBuildPhase;
			buildActionMask = 2147483647;
			files = (
			);
			runOnlyForDeploymentPostprocessing = 0;
		};
/* End PBXFrameworksBuildPhase section */

/* Begin PBXGroup section */
		CCBBFB0428182BD300DBA0EC = {
			isa = PBXGroup;
			children = (
				CCBBFB0F28182BD300DBA0EC /* Fibonacci */,
				CCBBFB2628182BD400DBA0EC /* FibonacciTests */,
				CCBBFB3028182BD400DBA0EC /* FibonacciUITests */,
				CCBBFB0E28182BD300DBA0EC /* Products */,
			);
			sourceTree = "<group>";
		};
		CCBBFB0E28182BD300DBA0EC /* Products */ = {
			isa = PBXGroup;
			children = (
				CCBBFB0D28182BD300DBA0EC /* Fibonacci.app */,
				CCBBFB2328182BD400DBA0EC /* FibonacciTests.xctest */,
				CCBBFB2D28182BD400DBA0EC /* FibonacciUITests.xctest */,
			);
			name = Products;
			sourceTree = "<group>";
		};
		CCBBFB0F28182BD300DBA0EC /* Fibonacci */ = {
			isa = PBXGroup;
			children = (
				CCBBFB1028182BD300DBA0EC /* AppDelegate.swift */,
				CCBBFB4228182ED900DBA0EC /* FibonacciView.swift */,
				CCBBFB4428182F6B00DBA0EC /* FibonacciViewController.swift */,
				CCBBFB4028182C5400DBA0EC /* SwiftUIViewController.swift */,
				CCBBFB1928182BD400DBA0EC /* Assets.xcassets */,
				CCBBFB1B28182BD400DBA0EC /* LaunchScreen.storyboard */,
				CCBBFB1E28182BD400DBA0EC /* Info.plist */,
				CCBBFB4628182FB800DBA0EC /* ViewModel.swift */,
			);
			path = Fibonacci;
			sourceTree = "<group>";
		};
		CCBBFB2628182BD400DBA0EC /* FibonacciTests */ = {
			isa = PBXGroup;
			children = (
				CCBBFB2728182BD400DBA0EC /* FibonacciTests.swift */,
			);
			path = FibonacciTests;
			sourceTree = "<group>";
		};
		CCBBFB3028182BD400DBA0EC /* FibonacciUITests */ = {
			isa = PBXGroup;
			children = (
				CCBBFB3128182BD400DBA0EC /* FibonacciUITests.swift */,
				CCBBFB3328182BD400DBA0EC /* FibonacciUITestsLaunchTests.swift */,
			);
			path = FibonacciUITests;
			sourceTree = "<group>";
		};
/* End PBXGroup section */

/* Begin PBXNativeTarget section */
		CCBBFB0C28182BD300DBA0EC /* Fibonacci */ = {
			isa = PBXNativeTarget;
			buildConfigurationList = CCBBFB3728182BD400DBA0EC /* Build configuration list for PBXNativeTarget "Fibonacci" */;
			buildPhases = (
				CCBBFB0928182BD300DBA0EC /* Sources */,
				CCBBFB0A28182BD300DBA0EC /* Frameworks */,
				CCBBFB0B28182BD300DBA0EC /* Resources */,
			);
			buildRules = (
			);
			dependencies = (
			);
			name = Fibonacci;
			productName = Fibonacci;
			productReference = CCBBFB0D28182BD300DBA0EC /* Fibonacci.app */;
			productType = "com.apple.product-type.application";
		};
		CCBBFB2228182BD400DBA0EC /* FibonacciTests */ = {
			isa = PBXNativeTarget;
			buildConfigurationList = CCBBFB3A28182BD400DBA0EC /* Build configuration list for PBXNativeTarget "FibonacciTests" */;
			buildPhases = (
				CCBBFB1F28182BD400DBA0EC /* Sources */,
				CCBBFB2028182BD400DBA0EC /* Frameworks */,
				CCBBFB2128182BD400DBA0EC /* Resources */,
			);
			buildRules = (
			);
			dependencies = (
				CCBBFB2528182BD400DBA0EC /* PBXTargetDependency */,
			);
			name = FibonacciTests;
			productName = FibonacciTests;
			productReference = CCBBFB2328182BD400DBA0EC /* FibonacciTests.xctest */;
			productType = "com.apple.product-type.bundle.unit-test";
		};
		CCBBFB2C28182BD400DBA0EC /* FibonacciUITests */ = {
			isa = PBXNativeTarget;
			buildConfigurationList = CCBBFB3D28182BD400DBA0EC /* Build configuration list for PBXNativeTarget "FibonacciUITests" */;
			buildPhases = (
				CCBBFB2928182BD400DBA0EC /* Sources */,
				CCBBFB2A28182BD400DBA0EC /* Frameworks */,
				CCBBFB2B28182BD400DBA0EC /* Resources */,
			);
			buildRules = (
			);
			dependencies = (
				CCBBFB2F28182BD400DBA0EC /* PBXTargetDependency */,
			);
			name = FibonacciUITests;
			productName = FibonacciUITests;
			productReference = CCBBFB2D28182BD400DBA0EC /* FibonacciUITests.xctest */;
			productType = "com.apple.product-type.bundle.ui-testing";
		};
/* End PBXNativeTarget section */

/* Begin PBXProject section */
		CCBBFB0528182BD300DBA0EC /* Project object */ = {
			isa = PBXProject;
			attributes = {
				BuildIndependentTargetsInParallel = 1;
				LastSwiftUpdateCheck = 1320;
				LastUpgradeCheck = 1320;
				TargetAttributes = {
					CCBBFB0C28182BD300DBA0EC = {
						CreatedOnToolsVersion = 13.2.1;
					};
					CCBBFB2228182BD400DBA0EC = {
						CreatedOnToolsVersion = 13.2.1;
						TestTargetID = CCBBFB0C28182BD300DBA0EC;
					};
					CCBBFB2C28182BD400DBA0EC = {
						CreatedOnToolsVersion = 13.2.1;
						TestTargetID = CCBBFB0C28182BD300DBA0EC;
					};
				};
			};
			buildConfigurationList = CCBBFB0828182BD300DBA0EC /* Build configuration list for PBXProject "Fibonacci" */;
			compatibilityVersion = "Xcode 13.0";
			developmentRegion = en;
			hasScannedForEncodings = 0;
			knownRegions = (
				en,
				Base,
			);
			mainGroup = CCBBFB0428182BD300DBA0EC;
			productRefGroup = CCBBFB0E28182BD300DBA0EC /* Products */;
			projectDirPath = "";
			projectRoot = "";
			targets = (
				CCBBFB0C28182BD300DBA0EC /* Fibonacci */,
				CCBBFB2228182BD400DBA0EC /* FibonacciTests */,
				CCBBFB2C28182BD400DBA0EC /* FibonacciUITests */,
			);
		};
/* End PBXProject section */

/* Begin PBXResourcesBuildPhase section */
		CCBBFB0B28182BD300DBA0EC /* Resources */ = {
			isa = PBXResourcesBuildPhase;
			buildActionMask = 2147483647;
			files = (
				CCBBFB1D28182BD400DBA0EC /* LaunchScreen.storyboard in Resources */,
				CCBBFB1A28182BD400DBA0EC /* Assets.xcassets in Resources */,
			);
			runOnlyForDeploymentPostprocessing = 0;
		};
		CCBBFB2128182BD400DBA0EC /* Resources */ = {
			isa = PBXResourcesBuildPhase;
			buildActionMask = 2147483647;
			files = (
			);
			runOnlyForDeploymentPostprocessing = 0;
		};
		CCBBFB2B28182BD400DBA0EC /* Resources */ = {
			isa = PBXResourcesBuildPhase;
			buildActionMask = 2147483647;
			files = (
			);
			runOnlyForDeploymentPostprocessing = 0;
		};
/* End PBXResourcesBuildPhase section */

/* Begin PBXSourcesBuildPhase section */
		CCBBFB0928182BD300DBA0EC /* Sources */ = {
			isa = PBXSourcesBuildPhase;
			buildActionMask = 2147483647;
			files = (
				CCBBFB4728182FB800DBA0EC /* ViewModel.swift in Sources */,
				CCBBFB4128182C5400DBA0EC /* SwiftUIViewController.swift in Sources */,
				CCBBFB4528182F6B00DBA0EC /* FibonacciViewController.swift in Sources */,
				CCBBFB4328182ED900DBA0EC /* FibonacciView.swift in Sources */,
				CCBBFB1128182BD300DBA0EC /* AppDelegate.swift in Sources */,
			);
			runOnlyForDeploymentPostprocessing = 0;
		};
		CCBBFB1F28182BD400DBA0EC /* Sources */ = {
			isa = PBXSourcesBuildPhase;
			buildActionMask = 2147483647;
			files = (
				CCBBFB2828182BD400DBA0EC /* FibonacciTests.swift in Sources */,
			);
			runOnlyForDeploymentPostprocessing = 0;
		};
		CCBBFB2928182BD400DBA0EC /* Sources */ = {
			isa = PBXSourcesBuildPhase;
			buildActionMask = 2147483647;
			files = (
				CCBBFB3228182BD400DBA0EC /* FibonacciUITests.swift in Sources */,
				CCBBFB3428182BD400DBA0EC /* FibonacciUITestsLaunchTests.swift in Sources */,
			);
			runOnlyForDeploymentPostprocessing = 0;
		};
/* End PBXSourcesBuildPhase section */

/* Begin PBXTargetDependency section */
		CCBBFB2528182BD400DBA0EC /* PBXTargetDependency */ = {
			isa = PBXTargetDependency;
			target = CCBBFB0C28182BD300DBA0EC /* Fibonacci */;
			targetProxy = CCBBFB2428182BD400DBA0EC /* PBXContainerItemProxy */;
		};
		CCBBFB2F28182BD400DBA0EC /* PBXTargetDependency */ = {
			isa = PBXTargetDependency;
			target = CCBBFB0C28182BD300DBA0EC /* Fibonacci */;
			targetProxy = CCBBFB2E28182BD400DBA0EC /* PBXContainerItemProxy */;
		};
/* End PBXTargetDependency section */

/* Begin PBXVariantGroup section */
		CCBBFB1B28182BD400DBA0EC /* LaunchScreen.storyboard */ = {
			isa = PBXVariantGroup;
			children = (
				CCBBFB1C28182BD400DBA0EC /* Base */,
			);
			name = LaunchScreen.storyboard;
			sourceTree = "<group>";
		};
/* End PBXVariantGroup section */

/* Begin XCBuildConfiguration section */
		CCBBFB3528182BD400DBA0EC /* Debug */ = {
			isa = XCBuildConfiguration;
			buildSettings = {
				ALWAYS_SEARCH_USER_PATHS = NO;
				CLANG_ANALYZER_NONNULL = YES;
				CLANG_ANALYZER_NUMBER_OBJECT_CONVERSION = YES_AGGRESSIVE;
				CLANG_CXX_LANGUAGE_STANDARD = "gnu++17";
				CLANG_CXX_LIBRARY = "libc++";
				CLANG_ENABLE_MODULES = YES;
				CLANG_ENABLE_OBJC_ARC = YES;
				CLANG_ENABLE_OBJC_WEAK = YES;
				CLANG_WARN_BLOCK_CAPTURE_AUTORELEASING = YES;
				CLANG_WARN_BOOL_CONVERSION = YES;
				CLANG_WARN_COMMA = YES;
				CLANG_WARN_CONSTANT_CONVERSION = YES;
				CLANG_WARN_DEPRECATED_OBJC_IMPLEMENTATIONS = YES;
				CLANG_WARN_DIRECT_OBJC_ISA_USAGE = YES_ERROR;
				CLANG_WARN_DOCUMENTATION_COMMENTS = YES;
				CLANG_WARN_EMPTY_BODY = YES;
				CLANG_WARN_ENUM_CONVERSION = YES;
				CLANG_WARN_INFINITE_RECURSION = YES;
				CLANG_WARN_INT_CONVERSION = YES;
				CLANG_WARN_NON_LITERAL_NULL_CONVERSION = YES;
				CLANG_WARN_OBJC_IMPLICIT_RETAIN_SELF = YES;
				CLANG_WARN_OBJC_LITERAL_CONVERSION = YES;
				CLANG_WARN_OBJC_ROOT_CLASS = YES_ERROR;
				CLANG_WARN_QUOTED_INCLUDE_IN_FRAMEWORK_HEADER = YES;
				CLANG_WARN_RANGE_LOOP_ANALYSIS = YES;
				CLANG_WARN_STRICT_PROTOTYPES = YES;
				CLANG_WARN_SUSPICIOUS_MOVE = YES;
				CLANG_WARN_UNGUARDED_AVAILABILITY = YES_AGGRESSIVE;
				CLANG_WARN_UNREACHABLE_CODE = YES;
				CLANG_WARN__DUPLICATE_METHOD_MATCH = YES;
				COPY_PHASE_STRIP = NO;
				DEBUG_INFORMATION_FORMAT = dwarf;
				ENABLE_STRICT_OBJC_MSGSEND = YES;
				ENABLE_TESTABILITY = YES;
				GCC_C_LANGUAGE_STANDARD = gnu11;
				GCC_DYNAMIC_NO_PIC = NO;
				GCC_NO_COMMON_BLOCKS = YES;
				GCC_OPTIMIZATION_LEVEL = 0;
				GCC_PREPROCESSOR_DEFINITIONS = (
					"DEBUG=1",
					"$(inherited)",
				);
				GCC_WARN_64_TO_32_BIT_CONVERSION = YES;
				GCC_WARN_ABOUT_RETURN_TYPE = YES_ERROR;
				GCC_WARN_UNDECLARED_SELECTOR = YES;
				GCC_WARN_UNINITIALIZED_AUTOS = YES_AGGRESSIVE;
				GCC_WARN_UNUSED_FUNCTION = YES;
				GCC_WARN_UNUSED_VARIABLE = YES;
				IPHONEOS_DEPLOYMENT_TARGET = 15.2;
				MTL_ENABLE_DEBUG_INFO = INCLUDE_SOURCE;
				MTL_FAST_MATH = YES;
				ONLY_ACTIVE_ARCH = YES;
				SDKROOT = iphoneos;
				SWIFT_ACTIVE_COMPILATION_CONDITIONS = DEBUG;
				SWIFT_OPTIMIZATION_LEVEL = "-Onone";
			};
			name = Debug;
		};
		CCBBFB3628182BD400DBA0EC /* Release */ = {
			isa = XCBuildConfiguration;
			buildSettings = {
				ALWAYS_SEARCH_USER_PATHS = NO;
				CLANG_ANALYZER_NONNULL = YES;
				CLANG_ANALYZER_NUMBER_OBJECT_CONVERSION = YES_AGGRESSIVE;
				CLANG_CXX_LANGUAGE_STANDARD = "gnu++17";
				CLANG_CXX_LIBRARY = "libc++";
				CLANG_ENABLE_MODULES = YES;
				CLANG_ENABLE_OBJC_ARC = YES;
				CLANG_ENABLE_OBJC_WEAK = YES;
				CLANG_WARN_BLOCK_CAPTURE_AUTORELEASING = YES;
				CLANG_WARN_BOOL_CONVERSION = YES;
				CLANG_WARN_COMMA = YES;
				CLANG_WARN_CONSTANT_CONVERSION = YES;
				CLANG_WARN_DEPRECATED_OBJC_IMPLEMENTATIONS = YES;
				CLANG_WARN_DIRECT_OBJC_ISA_USAGE = YES_ERROR;
				CLANG_WARN_DOCUMENTATION_COMMENTS = YES;
				CLANG_WARN_EMPTY_BODY = YES;
				CLANG_WARN_ENUM_CONVERSION = YES;
				CLANG_WARN_INFINITE_RECURSION = YES;
				CLANG_WARN_INT_CONVERSION = YES;
				CLANG_WARN_NON_LITERAL_NULL_CONVERSION = YES;
				CLANG_WARN_OBJC_IMPLICIT_RETAIN_SELF = YES;
				CLANG_WARN_OBJC_LITERAL_CONVERSION = YES;
				CLANG_WARN_OBJC_ROOT_CLASS = YES_ERROR;
				CLANG_WARN_QUOTED_INCLUDE_IN_FRAMEWORK_HEADER = YES;
				CLANG_WARN_RANGE_LOOP_ANALYSIS = YES;
				CLANG_WARN_STRICT_PROTOTYPES = YES;
				CLANG_WARN_SUSPICIOUS_MOVE = YES;
				CLANG_WARN_UNGUARDED_AVAILABILITY = YES_AGGRESSIVE;
				CLANG_WARN_UNREACHABLE_CODE = YES;
				CLANG_WARN__DUPLICATE_METHOD_MATCH = YES;
				COPY_PHASE_STRIP = NO;
				DEBUG_INFORMATION_FORMAT = "dwarf-with-dsym";
				ENABLE_NS_ASSERTIONS = NO;
				ENABLE_STRICT_OBJC_MSGSEND = YES;
				GCC_C_LANGUAGE_STANDARD = gnu11;
				GCC_NO_COMMON_BLOCKS = YES;
				GCC_WARN_64_TO_32_BIT_CONVERSION = YES;
				GCC_WARN_ABOUT_RETURN_TYPE = YES_ERROR;
				GCC_WARN_UNDECLARED_SELECTOR = YES;
				GCC_WARN_UNINITIALIZED_AUTOS = YES_AGGRESSIVE;
				GCC_WARN_UNUSED_FUNCTION = YES;
				GCC_WARN_UNUSED_VARIABLE = YES;
				IPHONEOS_DEPLOYMENT_TARGET = 15.2;
				MTL_ENABLE_DEBUG_INFO = NO;
				MTL_FAST_MATH = YES;
				SDKROOT = iphoneos;
				SWIFT_COMPILATION_MODE = wholemodule;
				SWIFT_OPTIMIZATION_LEVEL = "-O";
				VALIDATE_PRODUCT = YES;
			};
			name = Release;
		};
		CCBBFB3828182BD400DBA0EC /* Debug */ = {
			isa = XCBuildConfiguration;
			buildSettings = {
				ASSETCATALOG_COMPILER_APPICON_NAME = AppIcon;
				ASSETCATALOG_COMPILER_GLOBAL_ACCENT_COLOR_NAME = AccentColor;
				CODE_SIGN_STYLE = Automatic;
				CURRENT_PROJECT_VERSION = 1;
				DEVELOPMENT_TEAM = GQGZN6D9K9;
				GENERATE_INFOPLIST_FILE = YES;
				INFOPLIST_FILE = Fibonacci/Info.plist;
				INFOPLIST_KEY_UIApplicationSupportsIndirectInputEvents = YES;
				INFOPLIST_KEY_UILaunchStoryboardName = LaunchScreen;
				INFOPLIST_KEY_UISupportedInterfaceOrientations_iPad = "UIInterfaceOrientationPortrait UIInterfaceOrientationPortraitUpsideDown UIInterfaceOrientationLandscapeLeft UIInterfaceOrientationLandscapeRight";
				INFOPLIST_KEY_UISupportedInterfaceOrientations_iPhone = "UIInterfaceOrientationPortrait UIInterfaceOrientationLandscapeLeft UIInterfaceOrientationLandscapeRight";
				LD_RUNPATH_SEARCH_PATHS = (
					"$(inherited)",
					"@executable_path/Frameworks",
				);
				MARKETING_VERSION = 1.0;
				PRODUCT_BUNDLE_IDENTIFIER = me.nesslab.com.Fibonacci;
				PRODUCT_NAME = "$(TARGET_NAME)";
				SWIFT_EMIT_LOC_STRINGS = YES;
				SWIFT_VERSION = 5.0;
				TARGETED_DEVICE_FAMILY = "1,2";
			};
			name = Debug;
		};
		CCBBFB3928182BD400DBA0EC /* Release */ = {
			isa = XCBuildConfiguration;
			buildSettings = {
				ASSETCATALOG_COMPILER_APPICON_NAME = AppIcon;
				ASSETCATALOG_COMPILER_GLOBAL_ACCENT_COLOR_NAME = AccentColor;
				CODE_SIGN_STYLE = Automatic;
				CURRENT_PROJECT_VERSION = 1;
				DEVELOPMENT_TEAM = GQGZN6D9K9;
				GENERATE_INFOPLIST_FILE = YES;
				INFOPLIST_FILE = Fibonacci/Info.plist;
				INFOPLIST_KEY_UIApplicationSupportsIndirectInputEvents = YES;
				INFOPLIST_KEY_UILaunchStoryboardName = LaunchScreen;
				INFOPLIST_KEY_UISupportedInterfaceOrientations_iPad = "UIInterfaceOrientationPortrait UIInterfaceOrientationPortraitUpsideDown UIInterfaceOrientationLandscapeLeft UIInterfaceOrientationLandscapeRight";
				INFOPLIST_KEY_UISupportedInterfaceOrientations_iPhone = "UIInterfaceOrientationPortrait UIInterfaceOrientationLandscapeLeft UIInterfaceOrientationLandscapeRight";
				LD_RUNPATH_SEARCH_PATHS = (
					"$(inherited)",
					"@executable_path/Frameworks",
				);
				MARKETING_VERSION = 1.0;
				PRODUCT_BUNDLE_IDENTIFIER = me.nesslab.com.Fibonacci;
				PRODUCT_NAME = "$(TARGET_NAME)";
				SWIFT_EMIT_LOC_STRINGS = YES;
				SWIFT_VERSION = 5.0;
				TARGETED_DEVICE_FAMILY = "1,2";
			};
			name = Release;
		};
		CCBBFB3B28182BD400DBA0EC /* Debug */ = {
			isa = XCBuildConfiguration;
			buildSettings = {
				ALWAYS_EMBED_SWIFT_STANDARD_LIBRARIES = YES;
				BUNDLE_LOADER = "$(TEST_HOST)";
				CODE_SIGN_STYLE = Automatic;
				CURRENT_PROJECT_VERSION = 1;
				DEVELOPMENT_TEAM = GQGZN6D9K9;
				GENERATE_INFOPLIST_FILE = YES;
				IPHONEOS_DEPLOYMENT_TARGET = 15.2;
				MARKETING_VERSION = 1.0;
				PRODUCT_BUNDLE_IDENTIFIER = me.nesslab.com.FibonacciTests;
				PRODUCT_NAME = "$(TARGET_NAME)";
				SWIFT_EMIT_LOC_STRINGS = NO;
				SWIFT_VERSION = 5.0;
				TARGETED_DEVICE_FAMILY = "1,2";
				TEST_HOST = "$(BUILT_PRODUCTS_DIR)/Fibonacci.app/Fibonacci";
			};
			name = Debug;
		};
		CCBBFB3C28182BD400DBA0EC /* Release */ = {
			isa = XCBuildConfiguration;
			buildSettings = {
				ALWAYS_EMBED_SWIFT_STANDARD_LIBRARIES = YES;
				BUNDLE_LOADER = "$(TEST_HOST)";
				CODE_SIGN_STYLE = Automatic;
				CURRENT_PROJECT_VERSION = 1;
				DEVELOPMENT_TEAM = GQGZN6D9K9;
				GENERATE_INFOPLIST_FILE = YES;
				IPHONEOS_DEPLOYMENT_TARGET = 15.2;
				MARKETING_VERSION = 1.0;
				PRODUCT_BUNDLE_IDENTIFIER = me.nesslab.com.FibonacciTests;
				PRODUCT_NAME = "$(TARGET_NAME)";
				SWIFT_EMIT_LOC_STRINGS = NO;
				SWIFT_VERSION = 5.0;
				TARGETED_DEVICE_FAMILY = "1,2";
				TEST_HOST = "$(BUILT_PRODUCTS_DIR)/Fibonacci.app/Fibonacci";
			};
			name = Release;
		};
		CCBBFB3E28182BD400DBA0EC /* Debug */ = {
			isa = XCBuildConfiguration;
			buildSettings = {
				ALWAYS_EMBED_SWIFT_STANDARD_LIBRARIES = YES;
				CODE_SIGN_STYLE = Automatic;
				CURRENT_PROJECT_VERSION = 1;
				DEVELOPMENT_TEAM = GQGZN6D9K9;
				GENERATE_INFOPLIST_FILE = YES;
				MARKETING_VERSION = 1.0;
				PRODUCT_BUNDLE_IDENTIFIER = me.nesslab.com.FibonacciUITests;
				PRODUCT_NAME = "$(TARGET_NAME)";
				SWIFT_EMIT_LOC_STRINGS = NO;
				SWIFT_VERSION = 5.0;
				TARGETED_DEVICE_FAMILY = "1,2";
				TEST_TARGET_NAME = Fibonacci;
			};
			name = Debug;
		};
		CCBBFB3F28182BD400DBA0EC /* Release */ = {
			isa = XCBuildConfiguration;
			buildSettings = {
				ALWAYS_EMBED_SWIFT_STANDARD_LIBRARIES = YES;
				CODE_SIGN_STYLE = Automatic;
				CURRENT_PROJECT_VERSION = 1;
				DEVELOPMENT_TEAM = GQGZN6D9K9;
				GENERATE_INFOPLIST_FILE = YES;
				MARKETING_VERSION = 1.0;
				PRODUCT_BUNDLE_IDENTIFIER = me.nesslab.com.FibonacciUITests;
				PRODUCT_NAME = "$(TARGET_NAME)";
				SWIFT_EMIT_LOC_STRINGS = NO;
				SWIFT_VERSION = 5.0;
				TARGETED_DEVICE_FAMILY = "1,2";
				TEST_TARGET_NAME = Fibonacci;
			};
			name = Release;
		};
/* End XCBuildConfiguration section */

/* Begin XCConfigurationList section */
		CCBBFB0828182BD300DBA0EC /* Build configuration list for PBXProject "Fibonacci" */ = {
			isa = XCConfigurationList;
			buildConfigurations = (
				CCBBFB3528182BD400DBA0EC /* Debug */,
				CCBBFB3628182BD400DBA0EC /* Release */,
			);
			defaultConfigurationIsVisible = 0;
			defaultConfigurationName = Release;
		};
		CCBBFB3728182BD400DBA0EC /* Build configuration list for PBXNativeTarget "Fibonacci" */ = {
			isa = XCConfigurationList;
			buildConfigurations = (
				CCBBFB3828182BD400DBA0EC /* Debug */,
				CCBBFB3928182BD400DBA0EC /* Release */,
			);
			defaultConfigurationIsVisible = 0;
			defaultConfigurationName = Release;
		};
		CCBBFB3A28182BD400DBA0EC /* Build configuration list for PBXNativeTarget "FibonacciTests" */ = {
			isa = XCConfigurationList;
			buildConfigurations = (
				CCBBFB3B28182BD400DBA0EC /* Debug */,
				CCBBFB3C28182BD400DBA0EC /* Release */,
			);
			defaultConfigurationIsVisible = 0;
			defaultConfigurationName = Release;
		};
		CCBBFB3D28182BD400DBA0EC /* Build configuration list for PBXNativeTarget "FibonacciUITests" */ = {
			isa = XCConfigurationList;
			buildConfigurations = (
				CCBBFB3E28182BD400DBA0EC /* Debug */,
				CCBBFB3F28182BD400DBA0EC /* Release */,
			);
			defaultConfigurationIsVisible = 0;
			defaultConfigurationName = Release;
		};
/* End XCConfigurationList section */
	};
	rootObject = CCBBFB0528182BD300DBA0EC /* Project object */;
}
